Microsoft Visual Studio Solution File, Format Version 12.00
# Visual Studio Version 17
VisualStudioVersion = 17.5.2.0
MinimumVisualStudioVersion = 10.0.40219.1
Project("{FAE04EC0-301F-11D3-BF4B-00C04F79EFBC}") = "Archery", "Archery.csproj", "{462F07D4-991F-2941-1C56-835F979D0973}"
EndProject
Global
	GlobalSection(SolutionConfigurationPlatforms) = preSolution
		Debug|Any CPU = Debug|Any CPU
		Release|Any CPU = Release|Any CPU
	EndGlobalSection
	GlobalSection(ProjectConfigurationPlatforms) = postSolution
		{462F07D4-991F-2941-1C56-835F979D0973}.Debug|Any CPU.ActiveCfg = Debug|Any CPU
		{462F07D4-991F-2941-1C56-835F979D0973}.Debug|Any CPU.Build.0 = Debug|Any CPU
		{462F07D4-991F-2941-1C56-835F979D0973}.Release|Any CPU.ActiveCfg = Release|Any CPU
		{462F07D4-991F-2941-1C56-835F979D0973}.Release|Any CPU.Build.0 = Release|Any CPU
	EndGlobalSection
	GlobalSection(SolutionProperties) = preSolution
		HideSolutionNode = FALSE
	EndGlobalSection
	GlobalSection(ExtensibilityGlobals) = postSolution
		SolutionGuid = {1D36339C-FE23-4274-8D18-D235EC8009CA}
	EndGlobalSection
EndGlobal
